
Microsoft Visual Studio Solution File, Format Version 12.00
# Visual Studio Version 17
VisualStudioVersion = 17.12.35514.174 d17.12
MinimumVisualStudioVersion = 10.0.40219.1
Project("{FAE04EC0-301F-11D3-BF4B-00C04F79EFBC}") = "statuBar_NCL.Android", "statuBar_NCL\statuBar_NCL.Android\statuBar_NCL.Android.csproj", "{71DC55B7-582A-4D4F-A0E1-78FB3DE81E68}"
EndProject
Project("{FAE04EC0-301F-11D3-BF4B-00C04F79EFBC}") = "statuBar_NCL.iOS", "statuBar_NCL\statuBar_NCL.iOS\statuBar_NCL.iOS.csproj", "{ADA815FD-351B-4733-ADAA-56646B6E8548}"
EndProject
Project("{FAE04EC0-301F-11D3-BF4B-00C04F79EFBC}") = "statuBar_NCL", "statuBar_NCL\statuBar_NCL\statuBar_NCL.csproj", "{C2738793-A32D-440D-8D2D-4ADE5A4CFBD8}"
EndProject
Global
	GlobalSection(SolutionConfigurationPlatforms) = preSolution
		Debug|Any CPU = Debug|Any CPU
		Release|Any CPU = Release|Any CPU
	EndGlobalSection
	GlobalSection(ProjectConfigurationPlatforms) = postSolution
		{71DC55B7-582A-4D4F-A0E1-78FB3DE81E68}.Debug|Any CPU.ActiveCfg = Debug|Any CPU
		{71DC55B7-582A-4D4F-A0E1-78FB3DE81E68}.Debug|Any CPU.Build.0 = Debug|Any CPU
		{71DC55B7-582A-4D4F-A0E1-78FB3DE81E68}.Debug|Any CPU.Deploy.0 = Debug|Any CPU
		{71DC55B7-582A-4D4F-A0E1-78FB3DE81E68}.Release|Any CPU.ActiveCfg = Release|Any CPU
		{71DC55B7-582A-4D4F-A0E1-78FB3DE81E68}.Release|Any CPU.Build.0 = Release|Any CPU
		{71DC55B7-582A-4D4F-A0E1-78FB3DE81E68}.Release|Any CPU.Deploy.0 = Release|Any CPU
		{ADA815FD-351B-4733-ADAA-56646B6E8548}.Debug|Any CPU.ActiveCfg = Debug|iPhone
		{ADA815FD-351B-4733-ADAA-56646B6E8548}.Debug|Any CPU.Build.0 = Debug|iPhone
		{ADA815FD-351B-4733-ADAA-56646B6E8548}.Debug|Any CPU.Deploy.0 = Debug|iPhone
		{ADA815FD-351B-4733-ADAA-56646B6E8548}.Release|Any CPU.ActiveCfg = Release|iPhoneSimulator
		{ADA815FD-351B-4733-ADAA-56646B6E8548}.Release|Any CPU.Build.0 = Release|iPhoneSimulator
		{ADA815FD-351B-4733-ADAA-56646B6E8548}.Release|Any CPU.Deploy.0 = Release|iPhoneSimulator
		{C2738793-A32D-440D-8D2D-4ADE5A4CFBD8}.Debug|Any CPU.ActiveCfg = Debug|Any CPU
		{C2738793-A32D-440D-8D2D-4ADE5A4CFBD8}.Debug|Any CPU.Build.0 = Debug|Any CPU
		{C2738793-A32D-440D-8D2D-4ADE5A4CFBD8}.Debug|Any CPU.Deploy.0 = Debug|Any CPU
		{C2738793-A32D-440D-8D2D-4ADE5A4CFBD8}.Release|Any CPU.ActiveCfg = Release|Any CPU
		{C2738793-A32D-440D-8D2D-4ADE5A4CFBD8}.Release|Any CPU.Build.0 = Release|Any CPU
		{C2738793-A32D-440D-8D2D-4ADE5A4CFBD8}.Release|Any CPU.Deploy.0 = Release|Any CPU
	EndGlobalSection
	GlobalSection(SolutionProperties) = preSolution
		HideSolutionNode = FALSE
	EndGlobalSection
EndGlobal
